// !$*UTF8*$!
{
	archiveVersion = 1;
	classes = {
	};
	objectVersion = 46;
	objects = {

/* Begin PBXBuildFile section */
		3A3276B81DE0173E0076B8DC /* AppDelegate.swift in Sources */ = {isa = PBXBuildFile; fileRef = 3A3276B71DE0173E0076B8DC /* AppDelegate.swift */; };
		3A3276BC1DE0173E0076B8DC /* Assets.xcassets in Resources */ = {isa = PBXBuildFile; fileRef = 3A3276BB1DE0173E0076B8DC /* Assets.xcassets */; };
		3A3276CA1DE0173E0076B8DC /* CreasePatternAnalyzerTests.swift in Sources */ = {isa = PBXBuildFile; fileRef = 3A3276C91DE0173E0076B8DC /* CreasePatternAnalyzerTests.swift */; };
		3A3276D51DE0173E0076B8DC /* CreasePatternAnalyzerUITests.swift in Sources */ = {isa = PBXBuildFile; fileRef = 3A3276D41DE0173E0076B8DC /* CreasePatternAnalyzerUITests.swift */; };
		3ABFFA801FC021D90079A10D /* Diagram.swift in Sources */ = {isa = PBXBuildFile; fileRef = 3ABFFA671FC021D90079A10D /* Diagram.swift */; };
		3ABFFA811FC021D90079A10D /* Line.swift in Sources */ = {isa = PBXBuildFile; fileRef = 3ABFFA681FC021D90079A10D /* Line.swift */; };
		3ABFFA821FC021D90079A10D /* ReferenceFinder.swift in Sources */ = {isa = PBXBuildFile; fileRef = 3ABFFA691FC021D90079A10D /* ReferenceFinder.swift */; };
		3ABFFA831FC021D90079A10D /* PointVector.swift in Sources */ = {isa = PBXBuildFile; fileRef = 3ABFFA6A1FC021D90079A10D /* PointVector.swift */; };
		3ABFFA841FC021D90079A10D /* References.swift in Sources */ = {isa = PBXBuildFile; fileRef = 3ABFFA6B1FC021D90079A10D /* References.swift */; };
		3ABFFA851FC021D90079A10D /* Arrow.swift in Sources */ = {isa = PBXBuildFile; fileRef = 3ABFFA6C1FC021D90079A10D /* Arrow.swift */; };
		3ABFFA861FC021D90079A10D /* Rectangle.swift in Sources */ = {isa = PBXBuildFile; fileRef = 3ABFFA6D1FC021D90079A10D /* Rectangle.swift */; };
		3ABFFA871FC021D90079A10D /* DiagramView.swift in Sources */ = {isa = PBXBuildFile; fileRef = 3ABFFA6F1FC021D90079A10D /* DiagramView.swift */; };
		3ABFFA881FC021D90079A10D /* CGPoint+midpoint.swift in Sources */ = {isa = PBXBuildFile; fileRef = 3ABFFA711FC021D90079A10D /* CGPoint+midpoint.swift */; };
		3ABFFA891FC021D90079A10D /* NSBezierPath+CGPath.swift in Sources */ = {isa = PBXBuildFile; fileRef = 3ABFFA721FC021D90079A10D /* NSBezierPath+CGPath.swift */; };
		3ABFFA8A1FC021D90079A10D /* CGPath+hitTarget.swift in Sources */ = {isa = PBXBuildFile; fileRef = 3ABFFA731FC021D90079A10D /* CGPath+hitTarget.swift */; };
		3ABFFA8B1FC021D90079A10D /* Array+minIndex.swift in Sources */ = {isa = PBXBuildFile; fileRef = 3ABFFA741FC021D90079A10D /* Array+minIndex.swift */; };
		3ABFFA8C1FC021D90079A10D /* MainViewController.swift in Sources */ = {isa = PBXBuildFile; fileRef = 3ABFFA761FC021D90079A10D /* MainViewController.swift */; };
		3ABFFA8D1FC021D90079A10D /* InstructionViewController.swift in Sources */ = {isa = PBXBuildFile; fileRef = 3ABFFA771FC021D90079A10D /* InstructionViewController.swift */; };
		3ABFFA8E1FC021D90079A10D /* ConfigurationViewController.swift in Sources */ = {isa = PBXBuildFile; fileRef = 3ABFFA781FC021D90079A10D /* ConfigurationViewController.swift */; };
		3ABFFA8F1FC021D90079A10D /* PointViewController.swift in Sources */ = {isa = PBXBuildFile; fileRef = 3ABFFA791FC021D90079A10D /* PointViewController.swift */; };
		3ABFFA901FC021D90079A10D /* Axioms.swift in Sources */ = {isa = PBXBuildFile; fileRef = 3ABFFA7B1FC021D90079A10D /* Axioms.swift */; };
		3ABFFA911FC021D90079A10D /* IsNotZero.swift in Sources */ = {isa = PBXBuildFile; fileRef = 3ABFFA7C1FC021D90079A10D /* IsNotZero.swift */; };
		3ABFFA921FC021D90079A10D /* utils.swift in Sources */ = {isa = PBXBuildFile; fileRef = 3ABFFA7D1FC021D90079A10D /* utils.swift */; };
		3ABFFA931FC021D90079A10D /* Parser.swift in Sources */ = {isa = PBXBuildFile; fileRef = 3ABFFA7E1FC021D90079A10D /* Parser.swift */; };
		3ABFFA941FC021D90079A10D /* utils-image.swift in Sources */ = {isa = PBXBuildFile; fileRef = 3ABFFA7F1FC021D90079A10D /* utils-image.swift */; };
		3ACBB0D21F39B58300D4139B /* main.swift in Sources */ = {isa = PBXBuildFile; fileRef = 3ACBB0D11F39B58300D4139B /* main.swift */; };
/* End PBXBuildFile section */

/* Begin PBXContainerItemProxy section */
		3A3276C61DE0173E0076B8DC /* PBXContainerItemProxy */ = {
			isa = PBXContainerItemProxy;
			containerPortal = 3A3276AC1DE0173D0076B8DC /* Project object */;
			proxyType = 1;
			remoteGlobalIDString = 3A3276B31DE0173D0076B8DC;
			remoteInfo = CreasePatternAnalyzer;
		};
		3A3276D11DE0173E0076B8DC /* PBXContainerItemProxy */ = {
			isa = PBXContainerItemProxy;
			containerPortal = 3A3276AC1DE0173D0076B8DC /* Project object */;
			proxyType = 1;
			remoteGlobalIDString = 3A3276B31DE0173D0076B8DC;
			remoteInfo = CreasePatternAnalyzer;
		};
/* End PBXContainerItemProxy section */

/* Begin PBXFileReference section */
		3A3276B41DE0173E0076B8DC /* CreasePatternAnalyzer.app */ = {isa = PBXFileReference; explicitFileType = wrapper.application; includeInIndex = 0; path = CreasePatternAnalyzer.app; sourceTree = BUILT_PRODUCTS_DIR; };
		3A3276B71DE0173E0076B8DC /* AppDelegate.swift */ = {isa = PBXFileReference; lastKnownFileType = sourcecode.swift; path = AppDelegate.swift; sourceTree = "<group>"; };
		3A3276BB1DE0173E0076B8DC /* Assets.xcassets */ = {isa = PBXFileReference; lastKnownFileType = folder.assetcatalog; path = Assets.xcassets; sourceTree = "<group>"; };
		3A3276C01DE0173E0076B8DC /* Info.plist */ = {isa = PBXFileReference; lastKnownFileType = text.plist.xml; path = Info.plist; sourceTree = "<group>"; };
		3A3276C51DE0173E0076B8DC /* CreasePatternAnalyzerTests.xctest */ = {isa = PBXFileReference; explicitFileType = wrapper.cfbundle; includeInIndex = 0; path = CreasePatternAnalyzerTests.xctest; sourceTree = BUILT_PRODUCTS_DIR; };
		3A3276C91DE0173E0076B8DC /* CreasePatternAnalyzerTests.swift */ = {isa = PBXFileReference; lastKnownFileType = sourcecode.swift; path = CreasePatternAnalyzerTests.swift; sourceTree = "<group>"; };
		3A3276CB1DE0173E0076B8DC /* Info.plist */ = {isa = PBXFileReference; lastKnownFileType = text.plist.xml; path = Info.plist; sourceTree = "<group>"; };
		3A3276D01DE0173E0076B8DC /* CreasePatternAnalyzerUITests.xctest */ = {isa = PBXFileReference; explicitFileType = wrapper.cfbundle; includeInIndex = 0; path = CreasePatternAnalyzerUITests.xctest; sourceTree = BUILT_PRODUCTS_DIR; };
		3A3276D41DE0173E0076B8DC /* CreasePatternAnalyzerUITests.swift */ = {isa = PBXFileReference; lastKnownFileType = sourcecode.swift; path = CreasePatternAnalyzerUITests.swift; sourceTree = "<group>"; };
		3A3276D61DE0173E0076B8DC /* Info.plist */ = {isa = PBXFileReference; lastKnownFileType = text.plist.xml; path = Info.plist; sourceTree = "<group>"; };
		3ABFFA671FC021D90079A10D /* Diagram.swift */ = {isa = PBXFileReference; fileEncoding = 4; lastKnownFileType = sourcecode.swift; path = Diagram.swift; sourceTree = "<group>"; };
		3ABFFA681FC021D90079A10D /* Line.swift */ = {isa = PBXFileReference; fileEncoding = 4; lastKnownFileType = sourcecode.swift; path = Line.swift; sourceTree = "<group>"; };
		3ABFFA691FC021D90079A10D /* ReferenceFinder.swift */ = {isa = PBXFileReference; fileEncoding = 4; lastKnownFileType = sourcecode.swift; path = ReferenceFinder.swift; sourceTree = "<group>"; };
		3ABFFA6A1FC021D90079A10D /* PointVector.swift */ = {isa = PBXFileReference; fileEncoding = 4; lastKnownFileType = sourcecode.swift; path = PointVector.swift; sourceTree = "<group>"; };
		3ABFFA6B1FC021D90079A10D /* References.swift */ = {isa = PBXFileReference; fileEncoding = 4; lastKnownFileType = sourcecode.swift; path = References.swift; sourceTree = "<group>"; };
		3ABFFA6C1FC021D90079A10D /* Arrow.swift */ = {isa = PBXFileReference; fileEncoding = 4; lastKnownFileType = sourcecode.swift; path = Arrow.swift; sourceTree = "<group>"; };
		3ABFFA6D1FC021D90079A10D /* Rectangle.swift */ = {isa = PBXFileReference; fileEncoding = 4; lastKnownFileType = sourcecode.swift; path = Rectangle.swift; sourceTree = "<group>"; };
		3ABFFA6F1FC021D90079A10D /* DiagramView.swift */ = {isa = PBXFileReference; fileEncoding = 4; lastKnownFileType = sourcecode.swift; path = DiagramView.swift; sourceTree = "<group>"; };
		3ABFFA711FC021D90079A10D /* CGPoint+midpoint.swift */ = {isa = PBXFileReference; fileEncoding = 4; lastKnownFileType = sourcecode.swift; path = "CGPoint+midpoint.swift"; sourceTree = "<group>"; };
		3ABFFA721FC021D90079A10D /* NSBezierPath+CGPath.swift */ = {isa = PBXFileReference; fileEncoding = 4; lastKnownFileType = sourcecode.swift; path = "NSBezierPath+CGPath.swift"; sourceTree = "<group>"; };
		3ABFFA731FC021D90079A10D /* CGPath+hitTarget.swift */ = {isa = PBXFileReference; fileEncoding = 4; lastKnownFileType = sourcecode.swift; path = "CGPath+hitTarget.swift"; sourceTree = "<group>"; };
		3ABFFA741FC021D90079A10D /* Array+minIndex.swift */ = {isa = PBXFileReference; fileEncoding = 4; lastKnownFileType = sourcecode.swift; path = "Array+minIndex.swift"; sourceTree = "<group>"; };
		3ABFFA761FC021D90079A10D /* MainViewController.swift */ = {isa = PBXFileReference; fileEncoding = 4; lastKnownFileType = sourcecode.swift; path = MainViewController.swift; sourceTree = "<group>"; };
		3ABFFA771FC021D90079A10D /* InstructionViewController.swift */ = {isa = PBXFileReference; fileEncoding = 4; lastKnownFileType = sourcecode.swift; path = InstructionViewController.swift; sourceTree = "<group>"; };
		3ABFFA781FC021D90079A10D /* ConfigurationViewController.swift */ = {isa = PBXFileReference; fileEncoding = 4; lastKnownFileType = sourcecode.swift; path = ConfigurationViewController.swift; sourceTree = "<group>"; };
		3ABFFA791FC021D90079A10D /* PointViewController.swift */ = {isa = PBXFileReference; fileEncoding = 4; lastKnownFileType = sourcecode.swift; path = PointViewController.swift; sourceTree = "<group>"; };
		3ABFFA7B1FC021D90079A10D /* Axioms.swift */ = {isa = PBXFileReference; fileEncoding = 4; lastKnownFileType = sourcecode.swift; path = Axioms.swift; sourceTree = "<group>"; };
		3ABFFA7C1FC021D90079A10D /* IsNotZero.swift */ = {isa = PBXFileReference; fileEncoding = 4; lastKnownFileType = sourcecode.swift; path = IsNotZero.swift; sourceTree = "<group>"; };
		3ABFFA7D1FC021D90079A10D /* utils.swift */ = {isa = PBXFileReference; fileEncoding = 4; lastKnownFileType = sourcecode.swift; path = utils.swift; sourceTree = "<group>"; };
		3ABFFA7E1FC021D90079A10D /* Parser.swift */ = {isa = PBXFileReference; fileEncoding = 4; lastKnownFileType = sourcecode.swift; path = Parser.swift; sourceTree = "<group>"; };
		3ABFFA7F1FC021D90079A10D /* utils-image.swift */ = {isa = PBXFileReference; fileEncoding = 4; lastKnownFileType = sourcecode.swift; path = "utils-image.swift"; sourceTree = "<group>"; };
		3ACBB0D11F39B58300D4139B /* main.swift */ = {isa = PBXFileReference; fileEncoding = 4; lastKnownFileType = sourcecode.swift; path = main.swift; sourceTree = "<group>"; };
/* End PBXFileReference section */

/* Begin PBXFrameworksBuildPhase section */
		3A3276B11DE0173D0076B8DC /* Frameworks */ = {
			isa = PBXFrameworksBuildPhase;
			buildActionMask = 2147483647;
			files = (
			);
			runOnlyForDeploymentPostprocessing = 0;
		};
		3A3276C21DE0173E0076B8DC /* Frameworks */ = {
			isa = PBXFrameworksBuildPhase;
			buildActionMask = 2147483647;
			files = (
			);
			runOnlyForDeploymentPostprocessing = 0;
		};
		3A3276CD1DE0173E0076B8DC /* Frameworks */ = {
			isa = PBXFrameworksBuildPhase;
			buildActionMask = 2147483647;
			files = (
			);
			runOnlyForDeploymentPostprocessing = 0;
		};
/* End PBXFrameworksBuildPhase section */

/* Begin PBXGroup section */
		3A3276AB1DE0173D0076B8DC = {
			isa = PBXGroup;
			children = (
				3A3276B61DE0173E0076B8DC /* CreasePatternAnalyzer */,
				3A3276C81DE0173E0076B8DC /* CreasePatternAnalyzerTests */,
				3A3276D31DE0173E0076B8DC /* CreasePatternAnalyzerUITests */,
				3A3276B51DE0173E0076B8DC /* Products */,
			);
			sourceTree = "<group>";
		};
		3A3276B51DE0173E0076B8DC /* Products */ = {
			isa = PBXGroup;
			children = (
				3A3276B41DE0173E0076B8DC /* CreasePatternAnalyzer.app */,
				3A3276C51DE0173E0076B8DC /* CreasePatternAnalyzerTests.xctest */,
				3A3276D01DE0173E0076B8DC /* CreasePatternAnalyzerUITests.xctest */,
			);
			name = Products;
			sourceTree = "<group>";
		};
		3A3276B61DE0173E0076B8DC /* CreasePatternAnalyzer */ = {
			isa = PBXGroup;
			children = (
				3ABFFA751FC021D90079A10D /* Controllers */,
				3ABFFA701FC021D90079A10D /* Extensions */,
				3ABFFA661FC021D90079A10D /* Models */,
				3ABFFA7A1FC021D90079A10D /* Utilities */,
				3ABFFA6E1FC021D90079A10D /* Views */,
				3A3276BB1DE0173E0076B8DC /* Assets.xcassets */,
				3ACBB0D11F39B58300D4139B /* main.swift */,
				3A3276B71DE0173E0076B8DC /* AppDelegate.swift */,
				3A3276C01DE0173E0076B8DC /* Info.plist */,
			);
			path = CreasePatternAnalyzer;
			sourceTree = "<group>";
		};
		3A3276C81DE0173E0076B8DC /* CreasePatternAnalyzerTests */ = {
			isa = PBXGroup;
			children = (
				3A3276C91DE0173E0076B8DC /* CreasePatternAnalyzerTests.swift */,
				3A3276CB1DE0173E0076B8DC /* Info.plist */,
			);
			path = CreasePatternAnalyzerTests;
			sourceTree = "<group>";
		};
		3A3276D31DE0173E0076B8DC /* CreasePatternAnalyzerUITests */ = {
			isa = PBXGroup;
			children = (
				3A3276D41DE0173E0076B8DC /* CreasePatternAnalyzerUITests.swift */,
				3A3276D61DE0173E0076B8DC /* Info.plist */,
			);
			path = CreasePatternAnalyzerUITests;
			sourceTree = "<group>";
		};
		3ABFFA661FC021D90079A10D /* Models */ = {
			isa = PBXGroup;
			children = (
				3ABFFA671FC021D90079A10D /* Diagram.swift */,
				3ABFFA681FC021D90079A10D /* Line.swift */,
				3ABFFA691FC021D90079A10D /* ReferenceFinder.swift */,
				3ABFFA6A1FC021D90079A10D /* PointVector.swift */,
				3ABFFA6B1FC021D90079A10D /* References.swift */,
				3ABFFA6C1FC021D90079A10D /* Arrow.swift */,
				3ABFFA6D1FC021D90079A10D /* Rectangle.swift */,
			);
			path = Models;
			sourceTree = "<group>";
		};
		3ABFFA6E1FC021D90079A10D /* Views */ = {
			isa = PBXGroup;
			children = (
				3ABFFA6F1FC021D90079A10D /* DiagramView.swift */,
			);
			path = Views;
			sourceTree = "<group>";
		};
		3ABFFA701FC021D90079A10D /* Extensions */ = {
			isa = PBXGroup;
			children = (
				3ABFFA711FC021D90079A10D /* CGPoint+midpoint.swift */,
				3ABFFA721FC021D90079A10D /* NSBezierPath+CGPath.swift */,
				3ABFFA731FC021D90079A10D /* CGPath+hitTarget.swift */,
				3ABFFA741FC021D90079A10D /* Array+minIndex.swift */,
			);
			path = Extensions;
			sourceTree = "<group>";
		};
		3ABFFA751FC021D90079A10D /* Controllers */ = {
			isa = PBXGroup;
			children = (
				3ABFFA761FC021D90079A10D /* MainViewController.swift */,
				3ABFFA771FC021D90079A10D /* InstructionViewController.swift */,
				3ABFFA781FC021D90079A10D /* ConfigurationViewController.swift */,
				3ABFFA791FC021D90079A10D /* PointViewController.swift */,
			);
			path = Controllers;
			sourceTree = "<group>";
		};
		3ABFFA7A1FC021D90079A10D /* Utilities */ = {
			isa = PBXGroup;
			children = (
				3ABFFA7B1FC021D90079A10D /* Axioms.swift */,
				3ABFFA7C1FC021D90079A10D /* IsNotZero.swift */,
				3ABFFA7D1FC021D90079A10D /* utils.swift */,
				3ABFFA7E1FC021D90079A10D /* Parser.swift */,
				3ABFFA7F1FC021D90079A10D /* utils-image.swift */,
			);
			path = Utilities;
			sourceTree = "<group>";
		};
/* End PBXGroup section */

/* Begin PBXNativeTarget section */
		3A3276B31DE0173D0076B8DC /* CreasePatternAnalyzer */ = {
			isa = PBXNativeTarget;
			buildConfigurationList = 3A3276D91DE0173E0076B8DC /* Build configuration list for PBXNativeTarget "CreasePatternAnalyzer" */;
			buildPhases = (
				3A3276B01DE0173D0076B8DC /* Sources */,
				3A3276B11DE0173D0076B8DC /* Frameworks */,
				3A3276B21DE0173D0076B8DC /* Resources */,
			);
			buildRules = (
			);
			dependencies = (
			);
			name = CreasePatternAnalyzer;
			productName = CreasePatternAnalyzer;
			productReference = 3A3276B41DE0173E0076B8DC /* CreasePatternAnalyzer.app */;
			productType = "com.apple.product-type.application";
		};
		3A3276C41DE0173E0076B8DC /* CreasePatternAnalyzerTests */ = {
			isa = PBXNativeTarget;
			buildConfigurationList = 3A3276DC1DE0173E0076B8DC /* Build configuration list for PBXNativeTarget "CreasePatternAnalyzerTests" */;
			buildPhases = (
				3A3276C11DE0173E0076B8DC /* Sources */,
				3A3276C21DE0173E0076B8DC /* Frameworks */,
				3A3276C31DE0173E0076B8DC /* Resources */,
			);
			buildRules = (
			);
			dependencies = (
				3A3276C71DE0173E0076B8DC /* PBXTargetDependency */,
			);
			name = CreasePatternAnalyzerTests;
			productName = CreasePatternAnalyzerTests;
			productReference = 3A3276C51DE0173E0076B8DC /* CreasePatternAnalyzerTests.xctest */;
			productType = "com.apple.product-type.bundle.unit-test";
		};
		3A3276CF1DE0173E0076B8DC /* CreasePatternAnalyzerUITests */ = {
			isa = PBXNativeTarget;
			buildConfigurationList = 3A3276DF1DE0173E0076B8DC /* Build configuration list for PBXNativeTarget "CreasePatternAnalyzerUITests" */;
			buildPhases = (
				3A3276CC1DE0173E0076B8DC /* Sources */,
				3A3276CD1DE0173E0076B8DC /* Frameworks */,
				3A3276CE1DE0173E0076B8DC /* Resources */,
			);
			buildRules = (
			);
			dependencies = (
				3A3276D21DE0173E0076B8DC /* PBXTargetDependency */,
			);
			name = CreasePatternAnalyzerUITests;
			productName = CreasePatternAnalyzerUITests;
			productReference = 3A3276D01DE0173E0076B8DC /* CreasePatternAnalyzerUITests.xctest */;
			productType = "com.apple.product-type.bundle.ui-testing";
		};
/* End PBXNativeTarget section */

/* Begin PBXProject section */
		3A3276AC1DE0173D0076B8DC /* Project object */ = {
			isa = PBXProject;
			attributes = {
				LastSwiftUpdateCheck = 0810;
				LastUpgradeCheck = 0910;
				ORGANIZATIONNAME = "Kijjakarn Praditukrit";
				TargetAttributes = {
					3A3276B31DE0173D0076B8DC = {
						CreatedOnToolsVersion = 8.1;
						LastSwiftMigration = 0910;
						ProvisioningStyle = Automatic;
						SystemCapabilities = {
							com.apple.Sandbox = {
								enabled = 0;
							};
						};
					};
					3A3276C41DE0173E0076B8DC = {
						CreatedOnToolsVersion = 8.1;
						LastSwiftMigration = 0910;
						ProvisioningStyle = Automatic;
						TestTargetID = 3A3276B31DE0173D0076B8DC;
					};
					3A3276CF1DE0173E0076B8DC = {
						CreatedOnToolsVersion = 8.1;
						LastSwiftMigration = 0910;
						ProvisioningStyle = Automatic;
						TestTargetID = 3A3276B31DE0173D0076B8DC;
					};
				};
			};
			buildConfigurationList = 3A3276AF1DE0173D0076B8DC /* Build configuration list for PBXProject "CreasePatternAnalyzer" */;
			compatibilityVersion = "Xcode 3.2";
			developmentRegion = English;
			hasScannedForEncodings = 0;
			knownRegions = (
				en,
				Base,
			);
			mainGroup = 3A3276AB1DE0173D0076B8DC;
			productRefGroup = 3A3276B51DE0173E0076B8DC /* Products */;
			projectDirPath = "";
			projectRoot = "";
			targets = (
				3A3276B31DE0173D0076B8DC /* CreasePatternAnalyzer */,
				3A3276C41DE0173E0076B8DC /* CreasePatternAnalyzerTests */,
				3A3276CF1DE0173E0076B8DC /* CreasePatternAnalyzerUITests */,
			);
		};
/* End PBXProject section */

/* Begin PBXResourcesBuildPhase section */
		3A3276B21DE0173D0076B8DC /* Resources */ = {
			isa = PBXResourcesBuildPhase;
			buildActionMask = 2147483647;
			files = (
				3A3276BC1DE0173E0076B8DC /* Assets.xcassets in Resources */,
			);
			runOnlyForDeploymentPostprocessing = 0;
		};
		3A3276C31DE0173E0076B8DC /* Resources */ = {
			isa = PBXResourcesBuildPhase;
			buildActionMask = 2147483647;
			files = (
			);
			runOnlyForDeploymentPostprocessing = 0;
		};
		3A3276CE1DE0173E0076B8DC /* Resources */ = {
			isa = PBXResourcesBuildPhase;
			buildActionMask = 2147483647;
			files = (
			);
			runOnlyForDeploymentPostprocessing = 0;
		};
/* End PBXResourcesBuildPhase section */

/* Begin PBXSourcesBuildPhase section */
		3A3276B01DE0173D0076B8DC /* Sources */ = {
			isa = PBXSourcesBuildPhase;
			buildActionMask = 2147483647;
			files = (
				3ABFFA841FC021D90079A10D /* References.swift in Sources */,
				3ABFFA851FC021D90079A10D /* Arrow.swift in Sources */,
				3ABFFA901FC021D90079A10D /* Axioms.swift in Sources */,
				3ABFFA871FC021D90079A10D /* DiagramView.swift in Sources */,
				3A3276B81DE0173E0076B8DC /* AppDelegate.swift in Sources */,
				3ABFFA861FC021D90079A10D /* Rectangle.swift in Sources */,
				3ABFFA811FC021D90079A10D /* Line.swift in Sources */,
				3ABFFA911FC021D90079A10D /* IsNotZero.swift in Sources */,
				3ACBB0D21F39B58300D4139B /* main.swift in Sources */,
				3ABFFA881FC021D90079A10D /* CGPoint+midpoint.swift in Sources */,
				3ABFFA8A1FC021D90079A10D /* CGPath+hitTarget.swift in Sources */,
				3ABFFA8F1FC021D90079A10D /* PointViewController.swift in Sources */,
				3ABFFA931FC021D90079A10D /* Parser.swift in Sources */,
				3ABFFA8E1FC021D90079A10D /* ConfigurationViewController.swift in Sources */,
				3ABFFA8C1FC021D90079A10D /* MainViewController.swift in Sources */,
				3ABFFA8B1FC021D90079A10D /* Array+minIndex.swift in Sources */,
				3ABFFA921FC021D90079A10D /* utils.swift in Sources */,
				3ABFFA941FC021D90079A10D /* utils-image.swift in Sources */,
				3ABFFA8D1FC021D90079A10D /* InstructionViewController.swift in Sources */,
				3ABFFA831FC021D90079A10D /* PointVector.swift in Sources */,
				3ABFFA891FC021D90079A10D /* NSBezierPath+CGPath.swift in Sources */,
				3ABFFA801FC021D90079A10D /* Diagram.swift in Sources */,
				3ABFFA821FC021D90079A10D /* ReferenceFinder.swift in Sources */,
			);
			runOnlyForDeploymentPostprocessing = 0;
		};
		3A3276C11DE0173E0076B8DC /* Sources */ = {
			isa = PBXSourcesBuildPhase;
			buildActionMask = 2147483647;
			files = (
				3A3276CA1DE0173E0076B8DC /* CreasePatternAnalyzerTests.swift in Sources */,
			);
			runOnlyForDeploymentPostprocessing = 0;
		};
		3A3276CC1DE0173E0076B8DC /* Sources */ = {
			isa = PBXSourcesBuildPhase;
			buildActionMask = 2147483647;
			files = (
				3A3276D51DE0173E0076B8DC /* CreasePatternAnalyzerUITests.swift in Sources */,
			);
			runOnlyForDeploymentPostprocessing = 0;
		};
/* End PBXSourcesBuildPhase section */

/* Begin PBXTargetDependency section */
		3A3276C71DE0173E0076B8DC /* PBXTargetDependency */ = {
			isa = PBXTargetDependency;
			target = 3A3276B31DE0173D0076B8DC /* CreasePatternAnalyzer */;
			targetProxy = 3A3276C61DE0173E0076B8DC /* PBXContainerItemProxy */;
		};
		3A3276D21DE0173E0076B8DC /* PBXTargetDependency */ = {
			isa = PBXTargetDependency;
			target = 3A3276B31DE0173D0076B8DC /* CreasePatternAnalyzer */;
			targetProxy = 3A3276D11DE0173E0076B8DC /* PBXContainerItemProxy */;
		};
/* End PBXTargetDependency section */

/* Begin XCBuildConfiguration section */
		3A3276D71DE0173E0076B8DC /* Debug */ = {
			isa = XCBuildConfiguration;
			buildSettings = {
				ALWAYS_SEARCH_USER_PATHS = NO;
				CLANG_ANALYZER_NONNULL = YES;
				CLANG_CXX_LANGUAGE_STANDARD = "c++14";
				CLANG_CXX_LIBRARY = "libc++";
				CLANG_ENABLE_MODULES = YES;
				CLANG_ENABLE_OBJC_ARC = YES;
				CLANG_WARN_BLOCK_CAPTURE_AUTORELEASING = YES;
				CLANG_WARN_BOOL_CONVERSION = YES;
				CLANG_WARN_COMMA = YES;
				CLANG_WARN_CONSTANT_CONVERSION = YES;
				CLANG_WARN_DIRECT_OBJC_ISA_USAGE = YES_ERROR;
				CLANG_WARN_DOCUMENTATION_COMMENTS = YES;
				CLANG_WARN_EMPTY_BODY = YES;
				CLANG_WARN_ENUM_CONVERSION = YES;
				CLANG_WARN_INFINITE_RECURSION = YES;
				CLANG_WARN_INT_CONVERSION = YES;
				CLANG_WARN_NON_LITERAL_NULL_CONVERSION = YES;
				CLANG_WARN_OBJC_LITERAL_CONVERSION = YES;
				CLANG_WARN_OBJC_ROOT_CLASS = YES_ERROR;
				CLANG_WARN_RANGE_LOOP_ANALYSIS = YES;
				CLANG_WARN_STRICT_PROTOTYPES = YES;
				CLANG_WARN_SUSPICIOUS_MOVE = YES;
				CLANG_WARN_SUSPICIOUS_MOVES = YES;
				CLANG_WARN_UNREACHABLE_CODE = YES;
				CLANG_WARN__DUPLICATE_METHOD_MATCH = YES;
				CODE_SIGN_IDENTITY = "-";
				COPY_PHASE_STRIP = NO;
				DEBUG_INFORMATION_FORMAT = dwarf;
				ENABLE_STRICT_OBJC_MSGSEND = YES;
				ENABLE_TESTABILITY = YES;
				GCC_C_LANGUAGE_STANDARD = "compiler-default";
				GCC_DYNAMIC_NO_PIC = NO;
				GCC_NO_COMMON_BLOCKS = YES;
				GCC_OPTIMIZATION_LEVEL = 0;
				GCC_PREPROCESSOR_DEFINITIONS = (
					"DEBUG=1",
					"$(inherited)",
				);
				GCC_WARN_64_TO_32_BIT_CONVERSION = YES;
				GCC_WARN_ABOUT_RETURN_TYPE = YES_ERROR;
				GCC_WARN_UNDECLARED_SELECTOR = YES;
				GCC_WARN_UNINITIALIZED_AUTOS = YES_AGGRESSIVE;
				GCC_WARN_UNUSED_FUNCTION = YES;
				GCC_WARN_UNUSED_VARIABLE = YES;
				MACOSX_DEPLOYMENT_TARGET = 10.12;
				MTL_ENABLE_DEBUG_INFO = YES;
				ONLY_ACTIVE_ARCH = YES;
				SDKROOT = macosx;
				SWIFT_ACTIVE_COMPILATION_CONDITIONS = DEBUG;
				SWIFT_OPTIMIZATION_LEVEL = "-Onone";
			};
			name = Debug;
		};
		3A3276D81DE0173E0076B8DC /* Release */ = {
			isa = XCBuildConfiguration;
			buildSettings = {
				ALWAYS_SEARCH_USER_PATHS = NO;
				CLANG_ANALYZER_NONNULL = YES;
				CLANG_CXX_LANGUAGE_STANDARD = "c++14";
				CLANG_CXX_LIBRARY = "libc++";
				CLANG_ENABLE_MODULES = YES;
				CLANG_ENABLE_OBJC_ARC = YES;
				CLANG_WARN_BLOCK_CAPTURE_AUTORELEASING = YES;
				CLANG_WARN_BOOL_CONVERSION = YES;
				CLANG_WARN_COMMA = YES;
				CLANG_WARN_CONSTANT_CONVERSION = YES;
				CLANG_WARN_DIRECT_OBJC_ISA_USAGE = YES_ERROR;
				CLANG_WARN_DOCUMENTATION_COMMENTS = YES;
				CLANG_WARN_EMPTY_BODY = YES;
				CLANG_WARN_ENUM_CONVERSION = YES;
				CLANG_WARN_INFINITE_RECURSION = YES;
				CLANG_WARN_INT_CONVERSION = YES;
				CLANG_WARN_NON_LITERAL_NULL_CONVERSION = YES;
				CLANG_WARN_OBJC_LITERAL_CONVERSION = YES;
				CLANG_WARN_OBJC_ROOT_CLASS = YES_ERROR;
				CLANG_WARN_RANGE_LOOP_ANALYSIS = YES;
				CLANG_WARN_STRICT_PROTOTYPES = YES;
				CLANG_WARN_SUSPICIOUS_MOVE = YES;
				CLANG_WARN_SUSPICIOUS_MOVES = YES;
				CLANG_WARN_UNREACHABLE_CODE = YES;
				CLANG_WARN__DUPLICATE_METHOD_MATCH = YES;
				CODE_SIGN_IDENTITY = "-";
				COPY_PHASE_STRIP = NO;
				DEBUG_INFORMATION_FORMAT = "dwarf-with-dsym";
				ENABLE_NS_ASSERTIONS = NO;
				ENABLE_STRICT_OBJC_MSGSEND = YES;
				GCC_C_LANGUAGE_STANDARD = "compiler-default";
				GCC_NO_COMMON_BLOCKS = YES;
				GCC_WARN_64_TO_32_BIT_CONVERSION = YES;
				GCC_WARN_ABOUT_RETURN_TYPE = YES_ERROR;
				GCC_WARN_UNDECLARED_SELECTOR = YES;
				GCC_WARN_UNINITIALIZED_AUTOS = YES_AGGRESSIVE;
				GCC_WARN_UNUSED_FUNCTION = YES;
				GCC_WARN_UNUSED_VARIABLE = YES;
				MACOSX_DEPLOYMENT_TARGET = 10.12;
				MTL_ENABLE_DEBUG_INFO = NO;
				SDKROOT = macosx;
				SWIFT_ACTIVE_COMPILATION_CONDITIONS = "";
				SWIFT_OPTIMIZATION_LEVEL = "-Owholemodule";
			};
			name = Release;
		};
		3A3276DA1DE0173E0076B8DC /* Debug */ = {
			isa = XCBuildConfiguration;
			buildSettings = {
				ASSETCATALOG_COMPILER_APPICON_NAME = AppIcon;
				CODE_SIGN_ENTITLEMENTS = CreasePatternAnalyzer/CreasePatternAnalyzer.entitlements;
				COMBINE_HIDPI_IMAGES = YES;
				INFOPLIST_FILE = CreasePatternAnalyzer/Info.plist;
				LD_RUNPATH_SEARCH_PATHS = "$(inherited) @executable_path/../Frameworks";
				MTL_ENABLE_DEBUG_INFO = NO;
				PRODUCT_BUNDLE_IDENTIFIER = kijjakarn.CreasePatternAnalyzer;
				PRODUCT_NAME = "$(TARGET_NAME)";
				SWIFT_SWIFT3_OBJC_INFERENCE = Default;
				SWIFT_VERSION = 4.0;
			};
			name = Debug;
		};
		3A3276DB1DE0173E0076B8DC /* Release */ = {
			isa = XCBuildConfiguration;
			buildSettings = {
				ASSETCATALOG_COMPILER_APPICON_NAME = AppIcon;
				CODE_SIGN_ENTITLEMENTS = CreasePatternAnalyzer/CreasePatternAnalyzer.entitlements;
				COMBINE_HIDPI_IMAGES = YES;
				INFOPLIST_FILE = CreasePatternAnalyzer/Info.plist;
				LD_RUNPATH_SEARCH_PATHS = "$(inherited) @executable_path/../Frameworks";
				PRODUCT_BUNDLE_IDENTIFIER = kijjakarn.CreasePatternAnalyzer;
				PRODUCT_NAME = "$(TARGET_NAME)";
				SWIFT_SWIFT3_OBJC_INFERENCE = Default;
				SWIFT_VERSION = 4.0;
			};
			name = Release;
		};
		3A3276DD1DE0173E0076B8DC /* Debug */ = {
			isa = XCBuildConfiguration;
			buildSettings = {
				ALWAYS_EMBED_SWIFT_STANDARD_LIBRARIES = YES;
				BUNDLE_LOADER = "$(TEST_HOST)";
				COMBINE_HIDPI_IMAGES = YES;
				INFOPLIST_FILE = CreasePatternAnalyzerTests/Info.plist;
				LD_RUNPATH_SEARCH_PATHS = "$(inherited) @executable_path/../Frameworks @loader_path/../Frameworks";
				PRODUCT_BUNDLE_IDENTIFIER = kijjakarn.CreasePatternAnalyzerTests;
				PRODUCT_NAME = "$(TARGET_NAME)";
				SWIFT_SWIFT3_OBJC_INFERENCE = On;
				SWIFT_VERSION = 4.0;
				TEST_HOST = "$(BUILT_PRODUCTS_DIR)/CreasePatternAnalyzer.app/Contents/MacOS/CreasePatternAnalyzer";
			};
			name = Debug;
		};
		3A3276DE1DE0173E0076B8DC /* Release */ = {
			isa = XCBuildConfiguration;
			buildSettings = {
				ALWAYS_EMBED_SWIFT_STANDARD_LIBRARIES = YES;
				BUNDLE_LOADER = "$(TEST_HOST)";
				COMBINE_HIDPI_IMAGES = YES;
				INFOPLIST_FILE = CreasePatternAnalyzerTests/Info.plist;
				LD_RUNPATH_SEARCH_PATHS = "$(inherited) @executable_path/../Frameworks @loader_path/../Frameworks";
				PRODUCT_BUNDLE_IDENTIFIER = kijjakarn.CreasePatternAnalyzerTests;
				PRODUCT_NAME = "$(TARGET_NAME)";
				SWIFT_SWIFT3_OBJC_INFERENCE = On;
				SWIFT_VERSION = 4.0;
				TEST_HOST = "$(BUILT_PRODUCTS_DIR)/CreasePatternAnalyzer.app/Contents/MacOS/CreasePatternAnalyzer";
			};
			name = Release;
		};
		3A3276E01DE0173E0076B8DC /* Debug */ = {
			isa = XCBuildConfiguration;
			buildSettings = {
				ALWAYS_EMBED_SWIFT_STANDARD_LIBRARIES = YES;
				COMBINE_HIDPI_IMAGES = YES;
				INFOPLIST_FILE = CreasePatternAnalyzerUITests/Info.plist;
				LD_RUNPATH_SEARCH_PATHS = "$(inherited) @executable_path/../Frameworks @loader_path/../Frameworks";
				PRODUCT_BUNDLE_IDENTIFIER = kijjakarn.CreasePatternAnalyzerUITests;
				PRODUCT_NAME = "$(TARGET_NAME)";
				SWIFT_SWIFT3_OBJC_INFERENCE = On;
				SWIFT_VERSION = 4.0;
				TEST_TARGET_NAME = CreasePatternAnalyzer;
			};
			name = Debug;
		};
		3A3276E11DE0173E0076B8DC /* Release */ = {
			isa = XCBuildConfiguration;
			buildSettings = {
				ALWAYS_EMBED_SWIFT_STANDARD_LIBRARIES = YES;
				COMBINE_HIDPI_IMAGES = YES;
				INFOPLIST_FILE = CreasePatternAnalyzerUITests/Info.plist;
				LD_RUNPATH_SEARCH_PATHS = "$(inherited) @executable_path/../Frameworks @loader_path/../Frameworks";
				PRODUCT_BUNDLE_IDENTIFIER = kijjakarn.CreasePatternAnalyzerUITests;
				PRODUCT_NAME = "$(TARGET_NAME)";
				SWIFT_SWIFT3_OBJC_INFERENCE = On;
				SWIFT_VERSION = 4.0;
				TEST_TARGET_NAME = CreasePatternAnalyzer;
			};
			name = Release;
		};
/* End XCBuildConfiguration section */

/* Begin XCConfigurationList section */
		3A3276AF1DE0173D0076B8DC /* Build configuration list for PBXProject "CreasePatternAnalyzer" */ = {
			isa = XCConfigurationList;
			buildConfigurations = (
				3A3276D71DE0173E0076B8DC /* Debug */,
				3A3276D81DE0173E0076B8DC /* Release */,
			);
			defaultConfigurationIsVisible = 0;
			defaultConfigurationName = Release;
		};
		3A3276D91DE0173E0076B8DC /* Build configuration list for PBXNativeTarget "CreasePatternAnalyzer" */ = {
			isa = XCConfigurationList;
			buildConfigurations = (
				3A3276DA1DE0173E0076B8DC /* Debug */,
				3A3276DB1DE0173E0076B8DC /* Release */,
			);
			defaultConfigurationIsVisible = 0;
			defaultConfigurationName = Release;
		};
		3A3276DC1DE0173E0076B8DC /* Build configuration list for PBXNativeTarget "CreasePatternAnalyzerTests" */ = {
			isa = XCConfigurationList;
			buildConfigurations = (
				3A3276DD1DE0173E0076B8DC /* Debug */,
				3A3276DE1DE0173E0076B8DC /* Release */,
			);
			defaultConfigurationIsVisible = 0;
			defaultConfigurationName = Release;
		};
		3A3276DF1DE0173E0076B8DC /* Build configuration list for PBXNativeTarget "CreasePatternAnalyzerUITests" */ = {
			isa = XCConfigurationList;
			buildConfigurations = (
				3A3276E01DE0173E0076B8DC /* Debug */,
				3A3276E11DE0173E0076B8DC /* Release */,
			);
			defaultConfigurationIsVisible = 0;
			defaultConfigurationName = Release;
		};
/* End XCConfigurationList section */
	};
	rootObject = 3A3276AC1DE0173D0076B8DC /* Project object */;
}
